// !$*UTF8*$!
{
	archiveVersion = 1;
	classes = {
	};
	objectVersion = 56;
	objects = {

/* Begin PBXBuildFile section */
		B3F2F7572C98275900BAB7BD /* AppDelegate.swift in Sources */ = {isa = PBXBuildFile; fileRef = B3F2F7562C98275900BAB7BD /* AppDelegate.swift */; };
		B3F2F7592C98275900BAB7BD /* SceneDelegate.swift in Sources */ = {isa = PBXBuildFile; fileRef = B3F2F7582C98275900BAB7BD /* SceneDelegate.swift */; };
		B3F2F7602C98275C00BAB7BD /* Assets.xcassets in Resources */ = {isa = PBXBuildFile; fileRef = B3F2F75F2C98275C00BAB7BD /* Assets.xcassets */; };
		B3F2F7632C98275C00BAB7BD /* Base in Resources */ = {isa = PBXBuildFile; fileRef = B3F2F7622C98275C00BAB7BD /* Base */; };
		B3F2F76E2C98275C00BAB7BD /* RickAndMortyTests.swift in Sources */ = {isa = PBXBuildFile; fileRef = B3F2F76D2C98275C00BAB7BD /* RickAndMortyTests.swift */; };
		B3F2F7782C98275C00BAB7BD /* RickAndMortyUITests.swift in Sources */ = {isa = PBXBuildFile; fileRef = B3F2F7772C98275C00BAB7BD /* RickAndMortyUITests.swift */; };
		B3F2F77A2C98275C00BAB7BD /* RickAndMortyUITestsLaunchTests.swift in Sources */ = {isa = PBXBuildFile; fileRef = B3F2F7792C98275C00BAB7BD /* RickAndMortyUITestsLaunchTests.swift */; };
		B3F2F7872C9835C400BAB7BD /* CoordinatorProtocol.swift in Sources */ = {isa = PBXBuildFile; fileRef = B3F2F7862C9835C400BAB7BD /* CoordinatorProtocol.swift */; };
		B3F2F78B2C98379D00BAB7BD /* Dependencies.swift in Sources */ = {isa = PBXBuildFile; fileRef = B3F2F78A2C98379D00BAB7BD /* Dependencies.swift */; };
		B3F2F78D2C9837CE00BAB7BD /* ModulContainer.swift in Sources */ = {isa = PBXBuildFile; fileRef = B3F2F78C2C9837CE00BAB7BD /* ModulContainer.swift */; };
		B3F2F7942C9839DA00BAB7BD /* LaunchAssembly.swift in Sources */ = {isa = PBXBuildFile; fileRef = B3F2F7932C9839DA00BAB7BD /* LaunchAssembly.swift */; };
		B3F2F7962C9839EA00BAB7BD /* LaunchViewController.swift in Sources */ = {isa = PBXBuildFile; fileRef = B3F2F7952C9839EA00BAB7BD /* LaunchViewController.swift */; };
		B3F2F7982C983A0500BAB7BD /* EpisodeAssembly.swift in Sources */ = {isa = PBXBuildFile; fileRef = B3F2F7972C983A0500BAB7BD /* EpisodeAssembly.swift */; };
		B3F2F79A2C983A1900BAB7BD /* EpisodeViewController.swift in Sources */ = {isa = PBXBuildFile; fileRef = B3F2F7992C983A1900BAB7BD /* EpisodeViewController.swift */; };
		B3F2F79C2C983A2A00BAB7BD /* EpisodeViewModel.swift in Sources */ = {isa = PBXBuildFile; fileRef = B3F2F79B2C983A2A00BAB7BD /* EpisodeViewModel.swift */; };
		B3F2F79F2C983A8000BAB7BD /* FavouriteAssembly.swift in Sources */ = {isa = PBXBuildFile; fileRef = B3F2F79E2C983A8000BAB7BD /* FavouriteAssembly.swift */; };
		B3F2F7A12C983A9100BAB7BD /* FavouriteViewController.swift in Sources */ = {isa = PBXBuildFile; fileRef = B3F2F7A02C983A9100BAB7BD /* FavouriteViewController.swift */; };
		B3F2F7A32C983A9F00BAB7BD /* FavouriteViewModel.swift in Sources */ = {isa = PBXBuildFile; fileRef = B3F2F7A22C983A9F00BAB7BD /* FavouriteViewModel.swift */; };
		B3F2F7A52C983ABB00BAB7BD /* CharacterDetailAssembly.swift in Sources */ = {isa = PBXBuildFile; fileRef = B3F2F7A42C983ABB00BAB7BD /* CharacterDetailAssembly.swift */; };
		B3F2F7A72C983AED00BAB7BD /* CharacterDetailViewController.swift in Sources */ = {isa = PBXBuildFile; fileRef = B3F2F7A62C983AED00BAB7BD /* CharacterDetailViewController.swift */; };
		B3F2F7A92C983AFF00BAB7BD /* CharacterDetailViewModel.swift in Sources */ = {isa = PBXBuildFile; fileRef = B3F2F7A82C983AFF00BAB7BD /* CharacterDetailViewModel.swift */; };
		B3F2F7AC2C983EEF00BAB7BD /* AppCoordinator.swift in Sources */ = {isa = PBXBuildFile; fileRef = B3F2F7AB2C983EEF00BAB7BD /* AppCoordinator.swift */; };
		B3F2F7AE2C983EFD00BAB7BD /* LaunchCoordinator.swift in Sources */ = {isa = PBXBuildFile; fileRef = B3F2F7AD2C983EFD00BAB7BD /* LaunchCoordinator.swift */; };
		B3F2F7B02C983F1700BAB7BD /* EpisodeCoordinator.swift in Sources */ = {isa = PBXBuildFile; fileRef = B3F2F7AF2C983F1700BAB7BD /* EpisodeCoordinator.swift */; };
		B3F2F7B22C983F2600BAB7BD /* FavouriteCoordinator.swift in Sources */ = {isa = PBXBuildFile; fileRef = B3F2F7B12C983F2600BAB7BD /* FavouriteCoordinator.swift */; };
		B3F2F7B82C9860BE00BAB7BD /* CoordinatorFinishDelegateProtocol.swift in Sources */ = {isa = PBXBuildFile; fileRef = B3F2F7B72C9860BE00BAB7BD /* CoordinatorFinishDelegateProtocol.swift */; };
		B3F2F7BF2C99814600BAB7BD /* BaseTabBarController.swift in Sources */ = {isa = PBXBuildFile; fileRef = B3F2F7BE2C99814600BAB7BD /* BaseTabBarController.swift */; };
		B3F30BAA2C9C2CBF004893F8 /* BaseTabBarAssembly.swift in Sources */ = {isa = PBXBuildFile; fileRef = B3F30BA92C9C2CBF004893F8 /* BaseTabBarAssembly.swift */; };
		B3F30BAC2C9C3CB3004893F8 /* TabBarCoordinator.swift in Sources */ = {isa = PBXBuildFile; fileRef = B3F30BAB2C9C3CB3004893F8 /* TabBarCoordinator.swift */; };
		B3F30BAF2CA14FA0004893F8 /* Constants.swift in Sources */ = {isa = PBXBuildFile; fileRef = B3F30BAE2CA14FA0004893F8 /* Constants.swift */; };
		B3F30BB32CA1A2E3004893F8 /* EpisodeCell.swift in Sources */ = {isa = PBXBuildFile; fileRef = B3F30BB22CA1A2E2004893F8 /* EpisodeCell.swift */; };
		B3F30BB52CA1A701004893F8 /* UITableView+Extension.swift in Sources */ = {isa = PBXBuildFile; fileRef = B3F30BB42CA1A701004893F8 /* UITableView+Extension.swift */; };
		B3F30BB82CA1ACF1004893F8 /* CharacterDetailCell.swift in Sources */ = {isa = PBXBuildFile; fileRef = B3F30BB72CA1ACF1004893F8 /* CharacterDetailCell.swift */; };
		B3F30BBA2CA1ADD5004893F8 /* String+Extension.swift in Sources */ = {isa = PBXBuildFile; fileRef = B3F30BB92CA1ADD5004893F8 /* String+Extension.swift */; };
		B3F30BBC2CA29B63004893F8 /* Theme.swift in Sources */ = {isa = PBXBuildFile; fileRef = B3F30BBB2CA29B63004893F8 /* Theme.swift */; };
		B3F30BBF2CA2A772004893F8 /* Roboto-Medium.ttf in Resources */ = {isa = PBXBuildFile; fileRef = B3F30BBE2CA2A772004893F8 /* Roboto-Medium.ttf */; };
		B3F30BC02CA2A772004893F8 /* Roboto-Medium.ttf in Resources */ = {isa = PBXBuildFile; fileRef = B3F30BBE2CA2A772004893F8 /* Roboto-Medium.ttf */; };
		B3F30BC12CA2A772004893F8 /* Roboto-Medium.ttf in Resources */ = {isa = PBXBuildFile; fileRef = B3F30BBE2CA2A772004893F8 /* Roboto-Medium.ttf */; };
		B3F30BC32CA2ACBE004893F8 /* UIFont+Extension.swift in Sources */ = {isa = PBXBuildFile; fileRef = B3F30BC22CA2ACBE004893F8 /* UIFont+Extension.swift */; };
		B3F30BC42CA2ACBE004893F8 /* UIFont+Extension.swift in Sources */ = {isa = PBXBuildFile; fileRef = B3F30BC22CA2ACBE004893F8 /* UIFont+Extension.swift */; };
		B3F30BC52CA2ACBE004893F8 /* UIFont+Extension.swift in Sources */ = {isa = PBXBuildFile; fileRef = B3F30BC22CA2ACBE004893F8 /* UIFont+Extension.swift */; };
		B3F30BCB2CA43EC0004893F8 /* HeaderView.swift in Sources */ = {isa = PBXBuildFile; fileRef = B3F30BCA2CA43EC0004893F8 /* HeaderView.swift */; };
		B3F30BCC2CA43EC0004893F8 /* HeaderView.swift in Sources */ = {isa = PBXBuildFile; fileRef = B3F30BCA2CA43EC0004893F8 /* HeaderView.swift */; };
		B3F30BCD2CA43EC0004893F8 /* HeaderView.swift in Sources */ = {isa = PBXBuildFile; fileRef = B3F30BCA2CA43EC0004893F8 /* HeaderView.swift */; };
		B3F30BCF2CA537E5004893F8 /* UIView+Extension.swift in Sources */ = {isa = PBXBuildFile; fileRef = B3F30BCE2CA537E5004893F8 /* UIView+Extension.swift */; };
		B3F30BD02CA537E5004893F8 /* UIView+Extension.swift in Sources */ = {isa = PBXBuildFile; fileRef = B3F30BCE2CA537E5004893F8 /* UIView+Extension.swift */; };
		B3F30BD12CA537E5004893F8 /* UIView+Extension.swift in Sources */ = {isa = PBXBuildFile; fileRef = B3F30BCE2CA537E5004893F8 /* UIView+Extension.swift */; };
		B3F30BD32CA54BE8004893F8 /* UIButton+Extension.swift in Sources */ = {isa = PBXBuildFile; fileRef = B3F30BD22CA54BE8004893F8 /* UIButton+Extension.swift */; };
		B3F30BD42CA54BE8004893F8 /* UIButton+Extension.swift in Sources */ = {isa = PBXBuildFile; fileRef = B3F30BD22CA54BE8004893F8 /* UIButton+Extension.swift */; };
		B3F30BD52CA54BE8004893F8 /* UIButton+Extension.swift in Sources */ = {isa = PBXBuildFile; fileRef = B3F30BD22CA54BE8004893F8 /* UIButton+Extension.swift */; };
		B3F30BD72CA57C36004893F8 /* Roboto-Regular.ttf in Resources */ = {isa = PBXBuildFile; fileRef = B3F30BD62CA57C36004893F8 /* Roboto-Regular.ttf */; };
		B3F30BD82CA57C36004893F8 /* Roboto-Regular.ttf in Resources */ = {isa = PBXBuildFile; fileRef = B3F30BD62CA57C36004893F8 /* Roboto-Regular.ttf */; };
		B3F30BD92CA57C36004893F8 /* Roboto-Regular.ttf in Resources */ = {isa = PBXBuildFile; fileRef = B3F30BD62CA57C36004893F8 /* Roboto-Regular.ttf */; };
		B3F30BDB2CA57C61004893F8 /* Roboto-Light.ttf in Resources */ = {isa = PBXBuildFile; fileRef = B3F30BDA2CA57C60004893F8 /* Roboto-Light.ttf */; };
		B3F30BDC2CA57C61004893F8 /* Roboto-Light.ttf in Resources */ = {isa = PBXBuildFile; fileRef = B3F30BDA2CA57C60004893F8 /* Roboto-Light.ttf */; };
		B3F30BDD2CA57C61004893F8 /* Roboto-Light.ttf in Resources */ = {isa = PBXBuildFile; fileRef = B3F30BDA2CA57C60004893F8 /* Roboto-Light.ttf */; };
		B3F30BE42CA6B58C004893F8 /* CharacterDetailHeaderLabel.swift in Sources */ = {isa = PBXBuildFile; fileRef = B3F30BE32CA6B58C004893F8 /* CharacterDetailHeaderLabel.swift */; };
		B3F30BE62CA6B60A004893F8 /* CharacterDetailHeaderView.swift in Sources */ = {isa = PBXBuildFile; fileRef = B3F30BE52CA6B60A004893F8 /* CharacterDetailHeaderView.swift */; };
		B3F30BE82CAC1AEB004893F8 /* UINavigationController+Extension.swift in Sources */ = {isa = PBXBuildFile; fileRef = B3F30BE72CAC1AEB004893F8 /* UINavigationController+Extension.swift */; };
		B3F30BEB2CAD47E8004893F8 /* AlertsBuilder.swift in Sources */ = {isa = PBXBuildFile; fileRef = B3F30BEA2CAD47E8004893F8 /* AlertsBuilder.swift */; };
		B3F30BEE2CAD4950004893F8 /* ImagePicker.swift in Sources */ = {isa = PBXBuildFile; fileRef = B3F30BED2CAD4950004893F8 /* ImagePicker.swift */; };
		B3F30BF02CAFDB2F004893F8 /* EpisodeData.swift in Sources */ = {isa = PBXBuildFile; fileRef = B3F30BEF2CAFDB2F004893F8 /* EpisodeData.swift */; };
		B3F30BF22CAFDCF5004893F8 /* CharacterData.swift in Sources */ = {isa = PBXBuildFile; fileRef = B3F30BF12CAFDCF5004893F8 /* CharacterData.swift */; };
		B3F30C062CB46D95004893F8 /* NetworkService.swift in Sources */ = {isa = PBXBuildFile; fileRef = B3F30C052CB46D95004893F8 /* NetworkService.swift */; };
		B3F30C072CB46D95004893F8 /* NetworkService.swift in Sources */ = {isa = PBXBuildFile; fileRef = B3F30C052CB46D95004893F8 /* NetworkService.swift */; };
		B3F30C082CB46D95004893F8 /* NetworkService.swift in Sources */ = {isa = PBXBuildFile; fileRef = B3F30C052CB46D95004893F8 /* NetworkService.swift */; };
		B3F30C0E2CB69F1C004893F8 /* Episode.swift in Sources */ = {isa = PBXBuildFile; fileRef = B3F30C0D2CB69F1C004893F8 /* Episode.swift */; };
		B3F30C0F2CB69F1C004893F8 /* Episode.swift in Sources */ = {isa = PBXBuildFile; fileRef = B3F30C0D2CB69F1C004893F8 /* Episode.swift */; };
		B3F30C102CB69F1C004893F8 /* Episode.swift in Sources */ = {isa = PBXBuildFile; fileRef = B3F30C0D2CB69F1C004893F8 /* Episode.swift */; };
		B3F30C122CB8400C004893F8 /* LoadImageService.swift in Sources */ = {isa = PBXBuildFile; fileRef = B3F30C112CB8400C004893F8 /* LoadImageService.swift */; };
		B3F30C132CB8400C004893F8 /* LoadImageService.swift in Sources */ = {isa = PBXBuildFile; fileRef = B3F30C112CB8400C004893F8 /* LoadImageService.swift */; };
		B3F30C142CB8400C004893F8 /* LoadImageService.swift in Sources */ = {isa = PBXBuildFile; fileRef = B3F30C112CB8400C004893F8 /* LoadImageService.swift */; };
		B3F30C162CB96B22004893F8 /* Character.swift in Sources */ = {isa = PBXBuildFile; fileRef = B3F30C152CB96B22004893F8 /* Character.swift */; };
		B3F30C172CB96B22004893F8 /* Character.swift in Sources */ = {isa = PBXBuildFile; fileRef = B3F30C152CB96B22004893F8 /* Character.swift */; };
		B3F30C182CB96B22004893F8 /* Character.swift in Sources */ = {isa = PBXBuildFile; fileRef = B3F30C152CB96B22004893F8 /* Character.swift */; };
		B3F30C1A2CBA8696004893F8 /* UserDefaultsRepository.swift in Sources */ = {isa = PBXBuildFile; fileRef = B3F30C192CBA8696004893F8 /* UserDefaultsRepository.swift */; };
		B3F30C1B2CBA8696004893F8 /* UserDefaultsRepository.swift in Sources */ = {isa = PBXBuildFile; fileRef = B3F30C192CBA8696004893F8 /* UserDefaultsRepository.swift */; };
		B3F30C1C2CBA8696004893F8 /* UserDefaultsRepository.swift in Sources */ = {isa = PBXBuildFile; fileRef = B3F30C192CBA8696004893F8 /* UserDefaultsRepository.swift */; };
		B3F30C1E2CBD3E1D004893F8 /* Karla-Medium.ttf in Resources */ = {isa = PBXBuildFile; fileRef = B3F30C1D2CBD3E1C004893F8 /* Karla-Medium.ttf */; };
		B3F30C1F2CBD3E1D004893F8 /* Karla-Medium.ttf in Resources */ = {isa = PBXBuildFile; fileRef = B3F30C1D2CBD3E1C004893F8 /* Karla-Medium.ttf */; };
		B3F30C202CBD3E1D004893F8 /* Karla-Medium.ttf in Resources */ = {isa = PBXBuildFile; fileRef = B3F30C1D2CBD3E1C004893F8 /* Karla-Medium.ttf */; };
		B3F30C222CBD432C004893F8 /* Karla-SemiBold.ttf in Resources */ = {isa = PBXBuildFile; fileRef = B3F30C212CBD432C004893F8 /* Karla-SemiBold.ttf */; };
		B3F30C232CBD432C004893F8 /* Karla-SemiBold.ttf in Resources */ = {isa = PBXBuildFile; fileRef = B3F30C212CBD432C004893F8 /* Karla-SemiBold.ttf */; };
		B3F30C242CBD432C004893F8 /* Karla-SemiBold.ttf in Resources */ = {isa = PBXBuildFile; fileRef = B3F30C212CBD432C004893F8 /* Karla-SemiBold.ttf */; };
		B3F30C262CBD4342004893F8 /* Karla-Bold.ttf in Resources */ = {isa = PBXBuildFile; fileRef = B3F30C252CBD4342004893F8 /* Karla-Bold.ttf */; };
		B3F30C272CBD4342004893F8 /* Karla-Bold.ttf in Resources */ = {isa = PBXBuildFile; fileRef = B3F30C252CBD4342004893F8 /* Karla-Bold.ttf */; };
		B3F30C282CBD4342004893F8 /* Karla-Bold.ttf in Resources */ = {isa = PBXBuildFile; fileRef = B3F30C252CBD4342004893F8 /* Karla-Bold.ttf */; };
		B3F30C2A2CBD4359004893F8 /* Karla-ExtraBold.ttf in Resources */ = {isa = PBXBuildFile; fileRef = B3F30C292CBD4359004893F8 /* Karla-ExtraBold.ttf */; };
		B3F30C2B2CBD4359004893F8 /* Karla-ExtraBold.ttf in Resources */ = {isa = PBXBuildFile; fileRef = B3F30C292CBD4359004893F8 /* Karla-ExtraBold.ttf */; };
		B3F30C2C2CBD4359004893F8 /* Karla-ExtraBold.ttf in Resources */ = {isa = PBXBuildFile; fileRef = B3F30C292CBD4359004893F8 /* Karla-ExtraBold.ttf */; };
		B3F30C2F2CBD45E5004893F8 /* BaseCollectionView.swift in Sources */ = {isa = PBXBuildFile; fileRef = B3F30C2E2CBD45E5004893F8 /* BaseCollectionView.swift */; };
		B3F30C302CBD45E5004893F8 /* BaseCollectionView.swift in Sources */ = {isa = PBXBuildFile; fileRef = B3F30C2E2CBD45E5004893F8 /* BaseCollectionView.swift */; };
		B3F30C312CBD45E5004893F8 /* BaseCollectionView.swift in Sources */ = {isa = PBXBuildFile; fileRef = B3F30C2E2CBD45E5004893F8 /* BaseCollectionView.swift */; };
		B3F30C332CBD45FB004893F8 /* BaseCollectionViewCell.swift in Sources */ = {isa = PBXBuildFile; fileRef = B3F30C322CBD45FB004893F8 /* BaseCollectionViewCell.swift */; };
		B3F30C342CBD45FB004893F8 /* BaseCollectionViewCell.swift in Sources */ = {isa = PBXBuildFile; fileRef = B3F30C322CBD45FB004893F8 /* BaseCollectionViewCell.swift */; };
		B3F30C352CBD45FB004893F8 /* BaseCollectionViewCell.swift in Sources */ = {isa = PBXBuildFile; fileRef = B3F30C322CBD45FB004893F8 /* BaseCollectionViewCell.swift */; };
		B3F30C372CBD742A004893F8 /* FavouriteModel.swift in Sources */ = {isa = PBXBuildFile; fileRef = B3F30C362CBD742A004893F8 /* FavouriteModel.swift */; };
		B3F30C382CBD742A004893F8 /* FavouriteModel.swift in Sources */ = {isa = PBXBuildFile; fileRef = B3F30C362CBD742A004893F8 /* FavouriteModel.swift */; };
		B3F30C392CBD742A004893F8 /* FavouriteModel.swift in Sources */ = {isa = PBXBuildFile; fileRef = B3F30C362CBD742A004893F8 /* FavouriteModel.swift */; };
		B3F30C3B2CC7E020004893F8 /* EpisodeCoreDataService.swift in Sources */ = {isa = PBXBuildFile; fileRef = B3F30C3A2CC7E01F004893F8 /* EpisodeCoreDataService.swift */; };
		B3F30C3C2CC7E020004893F8 /* EpisodeCoreDataService.swift in Sources */ = {isa = PBXBuildFile; fileRef = B3F30C3A2CC7E01F004893F8 /* EpisodeCoreDataService.swift */; };
		B3F30C3D2CC7E020004893F8 /* EpisodeCoreDataService.swift in Sources */ = {isa = PBXBuildFile; fileRef = B3F30C3A2CC7E01F004893F8 /* EpisodeCoreDataService.swift */; };
		B3F30C3F2CC7E63F004893F8 /* Codable + Extension.swift in Sources */ = {isa = PBXBuildFile; fileRef = B3F30C3E2CC7E63F004893F8 /* Codable + Extension.swift */; };
		B3F30C402CC7E63F004893F8 /* Codable + Extension.swift in Sources */ = {isa = PBXBuildFile; fileRef = B3F30C3E2CC7E63F004893F8 /* Codable + Extension.swift */; };
		B3F30C412CC7E63F004893F8 /* Codable + Extension.swift in Sources */ = {isa = PBXBuildFile; fileRef = B3F30C3E2CC7E63F004893F8 /* Codable + Extension.swift */; };
		B3F30C432CC900EA004893F8 /* Section.swift in Sources */ = {isa = PBXBuildFile; fileRef = B3F30C422CC900EA004893F8 /* Section.swift */; };
		B3F30C442CC900EA004893F8 /* Section.swift in Sources */ = {isa = PBXBuildFile; fileRef = B3F30C422CC900EA004893F8 /* Section.swift */; };
		B3F30C452CC900EA004893F8 /* Section.swift in Sources */ = {isa = PBXBuildFile; fileRef = B3F30C422CC900EA004893F8 /* Section.swift */; };
		B3F30C472CC927CA004893F8 /* BaseCollectionBETA.swift in Sources */ = {isa = PBXBuildFile; fileRef = B3F30C462CC927CA004893F8 /* BaseCollectionBETA.swift */; };
		B3F30C482CC927CA004893F8 /* BaseCollectionBETA.swift in Sources */ = {isa = PBXBuildFile; fileRef = B3F30C462CC927CA004893F8 /* BaseCollectionBETA.swift */; };
		B3F30C492CC927CA004893F8 /* BaseCollectionBETA.swift in Sources */ = {isa = PBXBuildFile; fileRef = B3F30C462CC927CA004893F8 /* BaseCollectionBETA.swift */; };
		B3F30C4B2CC98599004893F8 /* EpisodeCollectionView.swift in Sources */ = {isa = PBXBuildFile; fileRef = B3F30C4A2CC98599004893F8 /* EpisodeCollectionView.swift */; };
		B3F30C4C2CC98599004893F8 /* EpisodeCollectionView.swift in Sources */ = {isa = PBXBuildFile; fileRef = B3F30C4A2CC98599004893F8 /* EpisodeCollectionView.swift */; };
		B3F30C4D2CC98599004893F8 /* EpisodeCollectionView.swift in Sources */ = {isa = PBXBuildFile; fileRef = B3F30C4A2CC98599004893F8 /* EpisodeCollectionView.swift */; };
		B3F30C502CC985BA004893F8 /* FavouriteCell.swift in Sources */ = {isa = PBXBuildFile; fileRef = B3F30C4F2CC985BA004893F8 /* FavouriteCell.swift */; };
		B3F30C512CC985BA004893F8 /* FavouriteCell.swift in Sources */ = {isa = PBXBuildFile; fileRef = B3F30C4F2CC985BA004893F8 /* FavouriteCell.swift */; };
		B3F30C522CC985BA004893F8 /* FavouriteCell.swift in Sources */ = {isa = PBXBuildFile; fileRef = B3F30C4F2CC985BA004893F8 /* FavouriteCell.swift */; };
		B3F30C542CC985CB004893F8 /* FavouriteCollectionView.swift in Sources */ = {isa = PBXBuildFile; fileRef = B3F30C532CC985CB004893F8 /* FavouriteCollectionView.swift */; };
		B3F30C552CC985CB004893F8 /* FavouriteCollectionView.swift in Sources */ = {isa = PBXBuildFile; fileRef = B3F30C532CC985CB004893F8 /* FavouriteCollectionView.swift */; };
		B3F30C562CC985CB004893F8 /* FavouriteCollectionView.swift in Sources */ = {isa = PBXBuildFile; fileRef = B3F30C532CC985CB004893F8 /* FavouriteCollectionView.swift */; };
		B3F30C582CCFF40B004893F8 /* NotificationCentr + Extension.swift in Sources */ = {isa = PBXBuildFile; fileRef = B3F30C572CCFF40A004893F8 /* NotificationCentr + Extension.swift */; };
		B3F30C592CCFF40B004893F8 /* NotificationCentr + Extension.swift in Sources */ = {isa = PBXBuildFile; fileRef = B3F30C572CCFF40A004893F8 /* NotificationCentr + Extension.swift */; };
		B3F30C5A2CCFF40B004893F8 /* NotificationCentr + Extension.swift in Sources */ = {isa = PBXBuildFile; fileRef = B3F30C572CCFF40A004893F8 /* NotificationCentr + Extension.swift */; };
		B3F30C5C2CD28779004893F8 /* EpisodeEntity.swift in Sources */ = {isa = PBXBuildFile; fileRef = B3F30C5B2CD28779004893F8 /* EpisodeEntity.swift */; };
		B3F30C5D2CD28779004893F8 /* EpisodeEntity.swift in Sources */ = {isa = PBXBuildFile; fileRef = B3F30C5B2CD28779004893F8 /* EpisodeEntity.swift */; };
		B3F30C5E2CD28779004893F8 /* EpisodeEntity.swift in Sources */ = {isa = PBXBuildFile; fileRef = B3F30C5B2CD28779004893F8 /* EpisodeEntity.swift */; };
		B3F30C612CD29B4B004893F8 /* EpisodeModelEntity.xcdatamodeld in Sources */ = {isa = PBXBuildFile; fileRef = B3F30C5F2CD29B4A004893F8 /* EpisodeModelEntity.xcdatamodeld */; };
		B3F30C622CD29B4B004893F8 /* EpisodeModelEntity.xcdatamodeld in Sources */ = {isa = PBXBuildFile; fileRef = B3F30C5F2CD29B4A004893F8 /* EpisodeModelEntity.xcdatamodeld */; };
		B3F30C632CD29B4B004893F8 /* EpisodeModelEntity.xcdatamodeld in Sources */ = {isa = PBXBuildFile; fileRef = B3F30C5F2CD29B4A004893F8 /* EpisodeModelEntity.xcdatamodeld */; };
/* End PBXBuildFile section */

/* Begin PBXContainerItemProxy section */
		B3F2F76A2C98275C00BAB7BD /* PBXContainerItemProxy */ = {
			isa = PBXContainerItemProxy;
			containerPortal = B3F2F74B2C98275900BAB7BD /* Project object */;
			proxyType = 1;
			remoteGlobalIDString = B3F2F7522C98275900BAB7BD;
			remoteInfo = RickAndMorty;
		};
		B3F2F7742C98275C00BAB7BD /* PBXContainerItemProxy */ = {
			isa = PBXContainerItemProxy;
			containerPortal = B3F2F74B2C98275900BAB7BD /* Project object */;
			proxyType = 1;
			remoteGlobalIDString = B3F2F7522C98275900BAB7BD;
			remoteInfo = RickAndMorty;
		};
/* End PBXContainerItemProxy section */

/* Begin PBXFileReference section */
		B3F2F7532C98275900BAB7BD /* RickAndMorty.app */ = {isa = PBXFileReference; explicitFileType = wrapper.application; includeInIndex = 0; path = RickAndMorty.app; sourceTree = BUILT_PRODUCTS_DIR; };
		B3F2F7562C98275900BAB7BD /* AppDelegate.swift */ = {isa = PBXFileReference; lastKnownFileType = sourcecode.swift; path = AppDelegate.swift; sourceTree = "<group>"; };
		B3F2F7582C98275900BAB7BD /* SceneDelegate.swift */ = {isa = PBXFileReference; lastKnownFileType = sourcecode.swift; path = SceneDelegate.swift; sourceTree = "<group>"; };
		B3F2F75F2C98275C00BAB7BD /* Assets.xcassets */ = {isa = PBXFileReference; lastKnownFileType = folder.assetcatalog; path = Assets.xcassets; sourceTree = "<group>"; };
		B3F2F7622C98275C00BAB7BD /* Base */ = {isa = PBXFileReference; lastKnownFileType = file.storyboard; name = Base; path = Base.lproj/LaunchScreen.storyboard; sourceTree = "<group>"; };
		B3F2F7642C98275C00BAB7BD /* Info.plist */ = {isa = PBXFileReference; lastKnownFileType = text.plist.xml; path = Info.plist; sourceTree = "<group>"; };
		B3F2F7692C98275C00BAB7BD /* RickAndMortyTests.xctest */ = {isa = PBXFileReference; explicitFileType = wrapper.cfbundle; includeInIndex = 0; path = RickAndMortyTests.xctest; sourceTree = BUILT_PRODUCTS_DIR; };
		B3F2F76D2C98275C00BAB7BD /* RickAndMortyTests.swift */ = {isa = PBXFileReference; lastKnownFileType = sourcecode.swift; path = RickAndMortyTests.swift; sourceTree = "<group>"; };
		B3F2F7732C98275C00BAB7BD /* RickAndMortyUITests.xctest */ = {isa = PBXFileReference; explicitFileType = wrapper.cfbundle; includeInIndex = 0; path = RickAndMortyUITests.xctest; sourceTree = BUILT_PRODUCTS_DIR; };
		B3F2F7772C98275C00BAB7BD /* RickAndMortyUITests.swift */ = {isa = PBXFileReference; lastKnownFileType = sourcecode.swift; path = RickAndMortyUITests.swift; sourceTree = "<group>"; };
		B3F2F7792C98275C00BAB7BD /* RickAndMortyUITestsLaunchTests.swift */ = {isa = PBXFileReference; lastKnownFileType = sourcecode.swift; path = RickAndMortyUITestsLaunchTests.swift; sourceTree = "<group>"; };
		B3F2F7862C9835C400BAB7BD /* CoordinatorProtocol.swift */ = {isa = PBXFileReference; lastKnownFileType = sourcecode.swift; path = CoordinatorProtocol.swift; sourceTree = "<group>"; };
		B3F2F78A2C98379D00BAB7BD /* Dependencies.swift */ = {isa = PBXFileReference; lastKnownFileType = sourcecode.swift; path = Dependencies.swift; sourceTree = "<group>"; };
		B3F2F78C2C9837CE00BAB7BD /* ModulContainer.swift */ = {isa = PBXFileReference; lastKnownFileType = sourcecode.swift; path = ModulContainer.swift; sourceTree = "<group>"; };
		B3F2F7932C9839DA00BAB7BD /* LaunchAssembly.swift */ = {isa = PBXFileReference; lastKnownFileType = sourcecode.swift; path = LaunchAssembly.swift; sourceTree = "<group>"; };
		B3F2F7952C9839EA00BAB7BD /* LaunchViewController.swift */ = {isa = PBXFileReference; lastKnownFileType = sourcecode.swift; path = LaunchViewController.swift; sourceTree = "<group>"; };
		B3F2F7972C983A0500BAB7BD /* EpisodeAssembly.swift */ = {isa = PBXFileReference; lastKnownFileType = sourcecode.swift; path = EpisodeAssembly.swift; sourceTree = "<group>"; };
		B3F2F7992C983A1900BAB7BD /* EpisodeViewController.swift */ = {isa = PBXFileReference; lastKnownFileType = sourcecode.swift; path = EpisodeViewController.swift; sourceTree = "<group>"; };
		B3F2F79B2C983A2A00BAB7BD /* EpisodeViewModel.swift */ = {isa = PBXFileReference; lastKnownFileType = sourcecode.swift; path = EpisodeViewModel.swift; sourceTree = "<group>"; };
		B3F2F79E2C983A8000BAB7BD /* FavouriteAssembly.swift */ = {isa = PBXFileReference; lastKnownFileType = sourcecode.swift; path = FavouriteAssembly.swift; sourceTree = "<group>"; };
		B3F2F7A02C983A9100BAB7BD /* FavouriteViewController.swift */ = {isa = PBXFileReference; lastKnownFileType = sourcecode.swift; path = FavouriteViewController.swift; sourceTree = "<group>"; };
		B3F2F7A22C983A9F00BAB7BD /* FavouriteViewModel.swift */ = {isa = PBXFileReference; lastKnownFileType = sourcecode.swift; path = FavouriteViewModel.swift; sourceTree = "<group>"; };
		B3F2F7A42C983ABB00BAB7BD /* CharacterDetailAssembly.swift */ = {isa = PBXFileReference; lastKnownFileType = sourcecode.swift; path = CharacterDetailAssembly.swift; sourceTree = "<group>"; };
		B3F2F7A62C983AED00BAB7BD /* CharacterDetailViewController.swift */ = {isa = PBXFileReference; lastKnownFileType = sourcecode.swift; path = CharacterDetailViewController.swift; sourceTree = "<group>"; };
		B3F2F7A82C983AFF00BAB7BD /* CharacterDetailViewModel.swift */ = {isa = PBXFileReference; lastKnownFileType = sourcecode.swift; path = CharacterDetailViewModel.swift; sourceTree = "<group>"; };
		B3F2F7AB2C983EEF00BAB7BD /* AppCoordinator.swift */ = {isa = PBXFileReference; lastKnownFileType = sourcecode.swift; path = AppCoordinator.swift; sourceTree = "<group>"; };
		B3F2F7AD2C983EFD00BAB7BD /* LaunchCoordinator.swift */ = {isa = PBXFileReference; lastKnownFileType = sourcecode.swift; path = LaunchCoordinator.swift; sourceTree = "<group>"; };
		B3F2F7AF2C983F1700BAB7BD /* EpisodeCoordinator.swift */ = {isa = PBXFileReference; lastKnownFileType = sourcecode.swift; path = EpisodeCoordinator.swift; sourceTree = "<group>"; };
		B3F2F7B12C983F2600BAB7BD /* FavouriteCoordinator.swift */ = {isa = PBXFileReference; lastKnownFileType = sourcecode.swift; path = FavouriteCoordinator.swift; sourceTree = "<group>"; };
		B3F2F7B72C9860BE00BAB7BD /* CoordinatorFinishDelegateProtocol.swift */ = {isa = PBXFileReference; lastKnownFileType = sourcecode.swift; path = CoordinatorFinishDelegateProtocol.swift; sourceTree = "<group>"; };
		B3F2F7BE2C99814600BAB7BD /* BaseTabBarController.swift */ = {isa = PBXFileReference; lastKnownFileType = sourcecode.swift; path = BaseTabBarController.swift; sourceTree = "<group>"; };
		B3F30BA92C9C2CBF004893F8 /* BaseTabBarAssembly.swift */ = {isa = PBXFileReference; lastKnownFileType = sourcecode.swift; path = BaseTabBarAssembly.swift; sourceTree = "<group>"; };
		B3F30BAB2C9C3CB3004893F8 /* TabBarCoordinator.swift */ = {isa = PBXFileReference; lastKnownFileType = sourcecode.swift; path = TabBarCoordinator.swift; sourceTree = "<group>"; };
		B3F30BAE2CA14FA0004893F8 /* Constants.swift */ = {isa = PBXFileReference; lastKnownFileType = sourcecode.swift; path = Constants.swift; sourceTree = "<group>"; };
		B3F30BB22CA1A2E2004893F8 /* EpisodeCell.swift */ = {isa = PBXFileReference; lastKnownFileType = sourcecode.swift; path = EpisodeCell.swift; sourceTree = "<group>"; };
		B3F30BB42CA1A701004893F8 /* UITableView+Extension.swift */ = {isa = PBXFileReference; lastKnownFileType = sourcecode.swift; path = "UITableView+Extension.swift"; sourceTree = "<group>"; };
		B3F30BB72CA1ACF1004893F8 /* CharacterDetailCell.swift */ = {isa = PBXFileReference; lastKnownFileType = sourcecode.swift; path = CharacterDetailCell.swift; sourceTree = "<group>"; };
		B3F30BB92CA1ADD5004893F8 /* String+Extension.swift */ = {isa = PBXFileReference; lastKnownFileType = sourcecode.swift; path = "String+Extension.swift"; sourceTree = "<group>"; };
		B3F30BBB2CA29B63004893F8 /* Theme.swift */ = {isa = PBXFileReference; lastKnownFileType = sourcecode.swift; path = Theme.swift; sourceTree = "<group>"; };
		B3F30BBE2CA2A772004893F8 /* Roboto-Medium.ttf */ = {isa = PBXFileReference; lastKnownFileType = file; path = "Roboto-Medium.ttf"; sourceTree = "<group>"; };
		B3F30BC22CA2ACBE004893F8 /* UIFont+Extension.swift */ = {isa = PBXFileReference; lastKnownFileType = sourcecode.swift; path = "UIFont+Extension.swift"; sourceTree = "<group>"; };
		B3F30BCA2CA43EC0004893F8 /* HeaderView.swift */ = {isa = PBXFileReference; lastKnownFileType = sourcecode.swift; path = HeaderView.swift; sourceTree = "<group>"; };
		B3F30BCE2CA537E5004893F8 /* UIView+Extension.swift */ = {isa = PBXFileReference; lastKnownFileType = sourcecode.swift; path = "UIView+Extension.swift"; sourceTree = "<group>"; };
		B3F30BD22CA54BE8004893F8 /* UIButton+Extension.swift */ = {isa = PBXFileReference; lastKnownFileType = sourcecode.swift; path = "UIButton+Extension.swift"; sourceTree = "<group>"; };
		B3F30BD62CA57C36004893F8 /* Roboto-Regular.ttf */ = {isa = PBXFileReference; lastKnownFileType = file; path = "Roboto-Regular.ttf"; sourceTree = "<group>"; };
		B3F30BDA2CA57C60004893F8 /* Roboto-Light.ttf */ = {isa = PBXFileReference; lastKnownFileType = file; path = "Roboto-Light.ttf"; sourceTree = "<group>"; };
		B3F30BE32CA6B58C004893F8 /* CharacterDetailHeaderLabel.swift */ = {isa = PBXFileReference; lastKnownFileType = sourcecode.swift; path = CharacterDetailHeaderLabel.swift; sourceTree = "<group>"; };
		B3F30BE52CA6B60A004893F8 /* CharacterDetailHeaderView.swift */ = {isa = PBXFileReference; lastKnownFileType = sourcecode.swift; path = CharacterDetailHeaderView.swift; sourceTree = "<group>"; };
		B3F30BE72CAC1AEB004893F8 /* UINavigationController+Extension.swift */ = {isa = PBXFileReference; lastKnownFileType = sourcecode.swift; path = "UINavigationController+Extension.swift"; sourceTree = "<group>"; };
		B3F30BEA2CAD47E8004893F8 /* AlertsBuilder.swift */ = {isa = PBXFileReference; lastKnownFileType = sourcecode.swift; path = AlertsBuilder.swift; sourceTree = "<group>"; };
		B3F30BED2CAD4950004893F8 /* ImagePicker.swift */ = {isa = PBXFileReference; lastKnownFileType = sourcecode.swift; path = ImagePicker.swift; sourceTree = "<group>"; };
		B3F30BEF2CAFDB2F004893F8 /* EpisodeData.swift */ = {isa = PBXFileReference; lastKnownFileType = sourcecode.swift; path = EpisodeData.swift; sourceTree = "<group>"; };
		B3F30BF12CAFDCF5004893F8 /* CharacterData.swift */ = {isa = PBXFileReference; lastKnownFileType = sourcecode.swift; path = CharacterData.swift; sourceTree = "<group>"; };
		B3F30C052CB46D95004893F8 /* NetworkService.swift */ = {isa = PBXFileReference; lastKnownFileType = sourcecode.swift; path = NetworkService.swift; sourceTree = "<group>"; };
		B3F30C0D2CB69F1C004893F8 /* Episode.swift */ = {isa = PBXFileReference; lastKnownFileType = sourcecode.swift; path = Episode.swift; sourceTree = "<group>"; };
		B3F30C112CB8400C004893F8 /* LoadImageService.swift */ = {isa = PBXFileReference; lastKnownFileType = sourcecode.swift; path = LoadImageService.swift; sourceTree = "<group>"; };
		B3F30C152CB96B22004893F8 /* Character.swift */ = {isa = PBXFileReference; lastKnownFileType = sourcecode.swift; path = Character.swift; sourceTree = "<group>"; };
		B3F30C192CBA8696004893F8 /* UserDefaultsRepository.swift */ = {isa = PBXFileReference; lastKnownFileType = sourcecode.swift; path = UserDefaultsRepository.swift; sourceTree = "<group>"; };
		B3F30C1D2CBD3E1C004893F8 /* Karla-Medium.ttf */ = {isa = PBXFileReference; lastKnownFileType = file; path = "Karla-Medium.ttf"; sourceTree = "<group>"; };
		B3F30C212CBD432C004893F8 /* Karla-SemiBold.ttf */ = {isa = PBXFileReference; lastKnownFileType = file; path = "Karla-SemiBold.ttf"; sourceTree = "<group>"; };
		B3F30C252CBD4342004893F8 /* Karla-Bold.ttf */ = {isa = PBXFileReference; lastKnownFileType = file; path = "Karla-Bold.ttf"; sourceTree = "<group>"; };
		B3F30C292CBD4359004893F8 /* Karla-ExtraBold.ttf */ = {isa = PBXFileReference; lastKnownFileType = file; path = "Karla-ExtraBold.ttf"; sourceTree = "<group>"; };
		B3F30C2E2CBD45E5004893F8 /* BaseCollectionView.swift */ = {isa = PBXFileReference; lastKnownFileType = sourcecode.swift; path = BaseCollectionView.swift; sourceTree = "<group>"; };
		B3F30C322CBD45FB004893F8 /* BaseCollectionViewCell.swift */ = {isa = PBXFileReference; lastKnownFileType = sourcecode.swift; path = BaseCollectionViewCell.swift; sourceTree = "<group>"; };
		B3F30C362CBD742A004893F8 /* FavouriteModel.swift */ = {isa = PBXFileReference; lastKnownFileType = sourcecode.swift; path = FavouriteModel.swift; sourceTree = "<group>"; };
		B3F30C3A2CC7E01F004893F8 /* EpisodeCoreDataService.swift */ = {isa = PBXFileReference; lastKnownFileType = sourcecode.swift; path = EpisodeCoreDataService.swift; sourceTree = "<group>"; };
		B3F30C3E2CC7E63F004893F8 /* Codable + Extension.swift */ = {isa = PBXFileReference; lastKnownFileType = sourcecode.swift; path = "Codable + Extension.swift"; sourceTree = "<group>"; };
		B3F30C422CC900EA004893F8 /* Section.swift */ = {isa = PBXFileReference; lastKnownFileType = sourcecode.swift; path = Section.swift; sourceTree = "<group>"; };
		B3F30C462CC927CA004893F8 /* BaseCollectionBETA.swift */ = {isa = PBXFileReference; lastKnownFileType = sourcecode.swift; path = BaseCollectionBETA.swift; sourceTree = "<group>"; };
		B3F30C4A2CC98599004893F8 /* EpisodeCollectionView.swift */ = {isa = PBXFileReference; lastKnownFileType = sourcecode.swift; path = EpisodeCollectionView.swift; sourceTree = "<group>"; };
		B3F30C4F2CC985BA004893F8 /* FavouriteCell.swift */ = {isa = PBXFileReference; lastKnownFileType = sourcecode.swift; path = FavouriteCell.swift; sourceTree = "<group>"; };
		B3F30C532CC985CB004893F8 /* FavouriteCollectionView.swift */ = {isa = PBXFileReference; lastKnownFileType = sourcecode.swift; path = FavouriteCollectionView.swift; sourceTree = "<group>"; };
		B3F30C572CCFF40A004893F8 /* NotificationCentr + Extension.swift */ = {isa = PBXFileReference; lastKnownFileType = sourcecode.swift; path = "NotificationCentr + Extension.swift"; sourceTree = "<group>"; };
		B3F30C5B2CD28779004893F8 /* EpisodeEntity.swift */ = {isa = PBXFileReference; lastKnownFileType = sourcecode.swift; path = EpisodeEntity.swift; sourceTree = "<group>"; };
		B3F30C602CD29B4B004893F8 /* EpisodeModelEntity.xcdatamodel */ = {isa = PBXFileReference; lastKnownFileType = wrapper.xcdatamodel; path = EpisodeModelEntity.xcdatamodel; sourceTree = "<group>"; };
/* End PBXFileReference section */

/* Begin PBXFrameworksBuildPhase section */
		B3F2F7502C98275900BAB7BD /* Frameworks */ = {
			isa = PBXFrameworksBuildPhase;
			buildActionMask = 2147483647;
			files = (
			);
			runOnlyForDeploymentPostprocessing = 0;
		};
		B3F2F7662C98275C00BAB7BD /* Frameworks */ = {
			isa = PBXFrameworksBuildPhase;
			buildActionMask = 2147483647;
			files = (
			);
			runOnlyForDeploymentPostprocessing = 0;
		};
		B3F2F7702C98275C00BAB7BD /* Frameworks */ = {
			isa = PBXFrameworksBuildPhase;
			buildActionMask = 2147483647;
			files = (
			);
			runOnlyForDeploymentPostprocessing = 0;
		};
/* End PBXFrameworksBuildPhase section */

/* Begin PBXGroup section */
		B3F2F74A2C98275900BAB7BD = {
			isa = PBXGroup;
			children = (
				B3F2F7552C98275900BAB7BD /* RickAndMorty */,
				B3F2F76C2C98275C00BAB7BD /* RickAndMortyTests */,
				B3F2F7762C98275C00BAB7BD /* RickAndMortyUITests */,
				B3F2F7542C98275900BAB7BD /* Products */,
			);
			sourceTree = "<group>";
		};
		B3F2F7542C98275900BAB7BD /* Products */ = {
			isa = PBXGroup;
			children = (
				B3F2F7532C98275900BAB7BD /* RickAndMorty.app */,
				B3F2F7692C98275C00BAB7BD /* RickAndMortyTests.xctest */,
				B3F2F7732C98275C00BAB7BD /* RickAndMortyUITests.xctest */,
			);
			name = Products;
			sourceTree = "<group>";
		};
		B3F2F7552C98275900BAB7BD /* RickAndMorty */ = {
			isa = PBXGroup;
			children = (
				B3F30C2D2CBD45B1004893F8 /* BaseView */,
				B3F30C042CB46D79004893F8 /* Service */,
				B3F30BDE2CA6ABAC004893F8 /* Model */,
				B3F2F78E2C98395600BAB7BD /* Module */,
				B3F2F7892C98372400BAB7BD /* Dependency */,
				B3F2F7882C9836D200BAB7BD /* Coordinator */,
				B3F30BAD2CA14F5D004893F8 /* Extension */,
				B3F30BE92CAD47A0004893F8 /* Utility */,
				B3F2F7B32C983F9800BAB7BD /* Supporting files */,
			);
			path = RickAndMorty;
			sourceTree = "<group>";
		};
		B3F2F76C2C98275C00BAB7BD /* RickAndMortyTests */ = {
			isa = PBXGroup;
			children = (
				B3F2F76D2C98275C00BAB7BD /* RickAndMortyTests.swift */,
			);
			path = RickAndMortyTests;
			sourceTree = "<group>";
		};
		B3F2F7762C98275C00BAB7BD /* RickAndMortyUITests */ = {
			isa = PBXGroup;
			children = (
				B3F2F7772C98275C00BAB7BD /* RickAndMortyUITests.swift */,
				B3F2F7792C98275C00BAB7BD /* RickAndMortyUITestsLaunchTests.swift */,
			);
			path = RickAndMortyUITests;
			sourceTree = "<group>";
		};
		B3F2F7882C9836D200BAB7BD /* Coordinator */ = {
			isa = PBXGroup;
			children = (
				B3F2F7862C9835C400BAB7BD /* CoordinatorProtocol.swift */,
				B3F2F7B72C9860BE00BAB7BD /* CoordinatorFinishDelegateProtocol.swift */,
				B3F2F7AB2C983EEF00BAB7BD /* AppCoordinator.swift */,
				B3F30BAB2C9C3CB3004893F8 /* TabBarCoordinator.swift */,
				B3F2F7AF2C983F1700BAB7BD /* EpisodeCoordinator.swift */,
				B3F2F7B12C983F2600BAB7BD /* FavouriteCoordinator.swift */,
				B3F2F7AD2C983EFD00BAB7BD /* LaunchCoordinator.swift */,
			);
			path = Coordinator;
			sourceTree = "<group>";
		};
		B3F2F7892C98372400BAB7BD /* Dependency */ = {
			isa = PBXGroup;
			children = (
				B3F2F78A2C98379D00BAB7BD /* Dependencies.swift */,
				B3F2F78C2C9837CE00BAB7BD /* ModulContainer.swift */,
			);
			path = Dependency;
			sourceTree = "<group>";
		};
		B3F2F78E2C98395600BAB7BD /* Module */ = {
			isa = PBXGroup;
			children = (
				B3F2F7B92C98648700BAB7BD /* TabBarController */,
				B3F2F78F2C98395F00BAB7BD /* Launch */,
				B3F2F7902C98396A00BAB7BD /* Episode */,
				B3F2F7912C98397600BAB7BD /* Favourite */,
				B3F2F7922C98398300BAB7BD /* CharacterDetail */,
			);
			path = Module;
			sourceTree = "<group>";
		};
		B3F2F78F2C98395F00BAB7BD /* Launch */ = {
			isa = PBXGroup;
			children = (
				B3F2F7B52C98404A00BAB7BD /* Base */,
				B3F2F7952C9839EA00BAB7BD /* LaunchViewController.swift */,
				B3F2F7932C9839DA00BAB7BD /* LaunchAssembly.swift */,
			);
			path = Launch;
			sourceTree = "<group>";
		};
		B3F2F7902C98396A00BAB7BD /* Episode */ = {
			isa = PBXGroup;
			children = (
				B3F2F7992C983A1900BAB7BD /* EpisodeViewController.swift */,
				B3F2F79B2C983A2A00BAB7BD /* EpisodeViewModel.swift */,
				B3F2F7972C983A0500BAB7BD /* EpisodeAssembly.swift */,
				B3F2F79D2C983A4900BAB7BD /* EpisodeView */,
			);
			path = Episode;
			sourceTree = "<group>";
		};
		B3F2F7912C98397600BAB7BD /* Favourite */ = {
			isa = PBXGroup;
			children = (
				B3F2F7A02C983A9100BAB7BD /* FavouriteViewController.swift */,
				B3F2F7A22C983A9F00BAB7BD /* FavouriteViewModel.swift */,
				B3F2F79E2C983A8000BAB7BD /* FavouriteAssembly.swift */,
				B3F30C4E2CC985A4004893F8 /* FavouriteView */,
			);
			path = Favourite;
			sourceTree = "<group>";
		};
		B3F2F7922C98398300BAB7BD /* CharacterDetail */ = {
			isa = PBXGroup;
			children = (
				B3F2F7A62C983AED00BAB7BD /* CharacterDetailViewController.swift */,
				B3F2F7A82C983AFF00BAB7BD /* CharacterDetailViewModel.swift */,
				B3F2F7A42C983ABB00BAB7BD /* CharacterDetailAssembly.swift */,
				B3F2F7AA2C983B0800BAB7BD /* CharacterDetailView */,
				B3F30BEC2CAD4914004893F8 /* ImagePicker */,
			);
			path = CharacterDetail;
			sourceTree = "<group>";
		};
		B3F2F79D2C983A4900BAB7BD /* EpisodeView */ = {
			isa = PBXGroup;
			children = (
				B3F30BB22CA1A2E2004893F8 /* EpisodeCell.swift */,
				B3F30BCA2CA43EC0004893F8 /* HeaderView.swift */,
				B3F30C4A2CC98599004893F8 /* EpisodeCollectionView.swift */,
			);
			path = EpisodeView;
			sourceTree = "<group>";
		};
		B3F2F7AA2C983B0800BAB7BD /* CharacterDetailView */ = {
			isa = PBXGroup;
			children = (
				B3F30BE52CA6B60A004893F8 /* CharacterDetailHeaderView.swift */,
				B3F30BB72CA1ACF1004893F8 /* CharacterDetailCell.swift */,
				B3F30BE32CA6B58C004893F8 /* CharacterDetailHeaderLabel.swift */,
			);
			path = CharacterDetailView;
			sourceTree = "<group>";
		};
		B3F2F7B32C983F9800BAB7BD /* Supporting files */ = {
			isa = PBXGroup;
			children = (
				B3F2F7B62C98407300BAB7BD /* App files */,
				B3F2F7B42C983FDE00BAB7BD /* Resources */,
			);
			path = "Supporting files";
			sourceTree = "<group>";
		};
		B3F2F7B42C983FDE00BAB7BD /* Resources */ = {
			isa = PBXGroup;
			children = (
				B3F30BBD2CA2A737004893F8 /* Font */,
				B3F2F75F2C98275C00BAB7BD /* Assets.xcassets */,
			);
			path = Resources;
			sourceTree = "<group>";
		};
		B3F2F7B52C98404A00BAB7BD /* Base */ = {
			isa = PBXGroup;
			children = (
				B3F2F7612C98275C00BAB7BD /* LaunchScreen.storyboard */,
			);
			path = Base;
			sourceTree = "<group>";
		};
		B3F2F7B62C98407300BAB7BD /* App files */ = {
			isa = PBXGroup;
			children = (
				B3F2F7562C98275900BAB7BD /* AppDelegate.swift */,
				B3F2F7582C98275900BAB7BD /* SceneDelegate.swift */,
				B3F2F7642C98275C00BAB7BD /* Info.plist */,
			);
			path = "App files";
			sourceTree = "<group>";
		};
		B3F2F7B92C98648700BAB7BD /* TabBarController */ = {
			isa = PBXGroup;
			children = (
				B3F2F7BE2C99814600BAB7BD /* BaseTabBarController.swift */,
				B3F30BA92C9C2CBF004893F8 /* BaseTabBarAssembly.swift */,
			);
			path = TabBarController;
			sourceTree = "<group>";
		};
		B3F30BAD2CA14F5D004893F8 /* Extension */ = {
			isa = PBXGroup;
			children = (
				B3F30BBB2CA29B63004893F8 /* Theme.swift */,
				B3F30BAE2CA14FA0004893F8 /* Constants.swift */,
				B3F30BB42CA1A701004893F8 /* UITableView+Extension.swift */,
				B3F30BB92CA1ADD5004893F8 /* String+Extension.swift */,
				B3F30BC22CA2ACBE004893F8 /* UIFont+Extension.swift */,
				B3F30BCE2CA537E5004893F8 /* UIView+Extension.swift */,
				B3F30BD22CA54BE8004893F8 /* UIButton+Extension.swift */,
				B3F30BE72CAC1AEB004893F8 /* UINavigationController+Extension.swift */,
				B3F30C3E2CC7E63F004893F8 /* Codable + Extension.swift */,
				B3F30C422CC900EA004893F8 /* Section.swift */,
				B3F30C572CCFF40A004893F8 /* NotificationCentr + Extension.swift */,
			);
			path = Extension;
			sourceTree = "<group>";
		};
		B3F30BBD2CA2A737004893F8 /* Font */ = {
			isa = PBXGroup;
			children = (
				B3F30C252CBD4342004893F8 /* Karla-Bold.ttf */,
				B3F30C292CBD4359004893F8 /* Karla-ExtraBold.ttf */,
				B3F30C212CBD432C004893F8 /* Karla-SemiBold.ttf */,
				B3F30BDA2CA57C60004893F8 /* Roboto-Light.ttf */,
				B3F30C1D2CBD3E1C004893F8 /* Karla-Medium.ttf */,
				B3F30BD62CA57C36004893F8 /* Roboto-Regular.ttf */,
				B3F30BBE2CA2A772004893F8 /* Roboto-Medium.ttf */,
			);
			path = Font;
			sourceTree = "<group>";
		};
		B3F30BDE2CA6ABAC004893F8 /* Model */ = {
			isa = PBXGroup;
			children = (
				B3F30BEF2CAFDB2F004893F8 /* EpisodeData.swift */,
				B3F30BF12CAFDCF5004893F8 /* CharacterData.swift */,
				B3F30C0D2CB69F1C004893F8 /* Episode.swift */,
				B3F30C362CBD742A004893F8 /* FavouriteModel.swift */,
				B3F30C152CB96B22004893F8 /* Character.swift */,
				B3F30C5B2CD28779004893F8 /* EpisodeEntity.swift */,
				B3F30C5F2CD29B4A004893F8 /* EpisodeModelEntity.xcdatamodeld */,
			);
			path = Model;
			sourceTree = "<group>";
		};
		B3F30BE92CAD47A0004893F8 /* Utility */ = {
			isa = PBXGroup;
			children = (
				B3F30BEA2CAD47E8004893F8 /* AlertsBuilder.swift */,
			);
			path = Utility;
			sourceTree = "<group>";
		};
		B3F30BEC2CAD4914004893F8 /* ImagePicker */ = {
			isa = PBXGroup;
			children = (
				B3F30BED2CAD4950004893F8 /* ImagePicker.swift */,
			);
			path = ImagePicker;
			sourceTree = "<group>";
		};
		B3F30C042CB46D79004893F8 /* Service */ = {
			isa = PBXGroup;
			children = (
				B3F30C052CB46D95004893F8 /* NetworkService.swift */,
				B3F30C112CB8400C004893F8 /* LoadImageService.swift */,
				B3F30C192CBA8696004893F8 /* UserDefaultsRepository.swift */,
				B3F30C3A2CC7E01F004893F8 /* EpisodeCoreDataService.swift */,
			);
			path = Service;
			sourceTree = "<group>";
		};
		B3F30C2D2CBD45B1004893F8 /* BaseView */ = {
			isa = PBXGroup;
			children = (
				B3F30C2E2CBD45E5004893F8 /* BaseCollectionView.swift */,
				B3F30C322CBD45FB004893F8 /* BaseCollectionViewCell.swift */,
				B3F30C462CC927CA004893F8 /* BaseCollectionBETA.swift */,
			);
			path = BaseView;
			sourceTree = "<group>";
		};
		B3F30C4E2CC985A4004893F8 /* FavouriteView */ = {
			isa = PBXGroup;
			children = (
				B3F30C4F2CC985BA004893F8 /* FavouriteCell.swift */,
				B3F30C532CC985CB004893F8 /* FavouriteCollectionView.swift */,
			);
			path = FavouriteView;
			sourceTree = "<group>";
		};
/* End PBXGroup section */

/* Begin PBXNativeTarget section */
		B3F2F7522C98275900BAB7BD /* RickAndMorty */ = {
			isa = PBXNativeTarget;
			buildConfigurationList = B3F2F77D2C98275C00BAB7BD /* Build configuration list for PBXNativeTarget "RickAndMorty" */;
			buildPhases = (
				B3F2F74F2C98275900BAB7BD /* Sources */,
				B3F2F7502C98275900BAB7BD /* Frameworks */,
				B3F2F7512C98275900BAB7BD /* Resources */,
			);
			buildRules = (
			);
			dependencies = (
			);
			name = RickAndMorty;
			productName = RickAndMorty;
			productReference = B3F2F7532C98275900BAB7BD /* RickAndMorty.app */;
			productType = "com.apple.product-type.application";
		};
		B3F2F7682C98275C00BAB7BD /* RickAndMortyTests */ = {
			isa = PBXNativeTarget;
			buildConfigurationList = B3F2F7802C98275C00BAB7BD /* Build configuration list for PBXNativeTarget "RickAndMortyTests" */;
			buildPhases = (
				B3F2F7652C98275C00BAB7BD /* Sources */,
				B3F2F7662C98275C00BAB7BD /* Frameworks */,
				B3F2F7672C98275C00BAB7BD /* Resources */,
			);
			buildRules = (
			);
			dependencies = (
				B3F2F76B2C98275C00BAB7BD /* PBXTargetDependency */,
			);
			name = RickAndMortyTests;
			productName = RickAndMortyTests;
			productReference = B3F2F7692C98275C00BAB7BD /* RickAndMortyTests.xctest */;
			productType = "com.apple.product-type.bundle.unit-test";
		};
		B3F2F7722C98275C00BAB7BD /* RickAndMortyUITests */ = {
			isa = PBXNativeTarget;
			buildConfigurationList = B3F2F7832C98275C00BAB7BD /* Build configuration list for PBXNativeTarget "RickAndMortyUITests" */;
			buildPhases = (
				B3F2F76F2C98275C00BAB7BD /* Sources */,
				B3F2F7702C98275C00BAB7BD /* Frameworks */,
				B3F2F7712C98275C00BAB7BD /* Resources */,
			);
			buildRules = (
			);
			dependencies = (
				B3F2F7752C98275C00BAB7BD /* PBXTargetDependency */,
			);
			name = RickAndMortyUITests;
			productName = RickAndMortyUITests;
			productReference = B3F2F7732C98275C00BAB7BD /* RickAndMortyUITests.xctest */;
			productType = "com.apple.product-type.bundle.ui-testing";
		};
/* End PBXNativeTarget section */

/* Begin PBXProject section */
		B3F2F74B2C98275900BAB7BD /* Project object */ = {
			isa = PBXProject;
			attributes = {
				BuildIndependentTargetsInParallel = 1;
				LastSwiftUpdateCheck = 1540;
				LastUpgradeCheck = 1540;
				TargetAttributes = {
					B3F2F7522C98275900BAB7BD = {
						CreatedOnToolsVersion = 15.4;
					};
					B3F2F7682C98275C00BAB7BD = {
						CreatedOnToolsVersion = 15.4;
						TestTargetID = B3F2F7522C98275900BAB7BD;
					};
					B3F2F7722C98275C00BAB7BD = {
						CreatedOnToolsVersion = 15.4;
						TestTargetID = B3F2F7522C98275900BAB7BD;
					};
				};
			};
			buildConfigurationList = B3F2F74E2C98275900BAB7BD /* Build configuration list for PBXProject "RickAndMorty" */;
			compatibilityVersion = "Xcode 14.0";
			developmentRegion = en;
			hasScannedForEncodings = 0;
			knownRegions = (
				en,
				Base,
			);
			mainGroup = B3F2F74A2C98275900BAB7BD;
			productRefGroup = B3F2F7542C98275900BAB7BD /* Products */;
			projectDirPath = "";
			projectRoot = "";
			targets = (
				B3F2F7522C98275900BAB7BD /* RickAndMorty */,
				B3F2F7682C98275C00BAB7BD /* RickAndMortyTests */,
				B3F2F7722C98275C00BAB7BD /* RickAndMortyUITests */,
			);
		};
/* End PBXProject section */

/* Begin PBXResourcesBuildPhase section */
		B3F2F7512C98275900BAB7BD /* Resources */ = {
			isa = PBXResourcesBuildPhase;
			buildActionMask = 2147483647;
			files = (
				B3F2F7602C98275C00BAB7BD /* Assets.xcassets in Resources */,
				B3F30C1E2CBD3E1D004893F8 /* Karla-Medium.ttf in Resources */,
				B3F2F7632C98275C00BAB7BD /* Base in Resources */,
				B3F30C262CBD4342004893F8 /* Karla-Bold.ttf in Resources */,
				B3F30BDB2CA57C61004893F8 /* Roboto-Light.ttf in Resources */,
				B3F30C222CBD432C004893F8 /* Karla-SemiBold.ttf in Resources */,
				B3F30BD72CA57C36004893F8 /* Roboto-Regular.ttf in Resources */,
				B3F30BBF2CA2A772004893F8 /* Roboto-Medium.ttf in Resources */,
				B3F30C2A2CBD4359004893F8 /* Karla-ExtraBold.ttf in Resources */,
			);
			runOnlyForDeploymentPostprocessing = 0;
		};
		B3F2F7672C98275C00BAB7BD /* Resources */ = {
			isa = PBXResourcesBuildPhase;
			buildActionMask = 2147483647;
			files = (
				B3F30BD82CA57C36004893F8 /* Roboto-Regular.ttf in Resources */,
				B3F30C232CBD432C004893F8 /* Karla-SemiBold.ttf in Resources */,
				B3F30C1F2CBD3E1D004893F8 /* Karla-Medium.ttf in Resources */,
				B3F30C272CBD4342004893F8 /* Karla-Bold.ttf in Resources */,
				B3F30BC02CA2A772004893F8 /* Roboto-Medium.ttf in Resources */,
				B3F30BDC2CA57C61004893F8 /* Roboto-Light.ttf in Resources */,
				B3F30C2B2CBD4359004893F8 /* Karla-ExtraBold.ttf in Resources */,
			);
			runOnlyForDeploymentPostprocessing = 0;
		};
		B3F2F7712C98275C00BAB7BD /* Resources */ = {
			isa = PBXResourcesBuildPhase;
			buildActionMask = 2147483647;
			files = (
				B3F30BD92CA57C36004893F8 /* Roboto-Regular.ttf in Resources */,
				B3F30C242CBD432C004893F8 /* Karla-SemiBold.ttf in Resources */,
				B3F30C202CBD3E1D004893F8 /* Karla-Medium.ttf in Resources */,
				B3F30C282CBD4342004893F8 /* Karla-Bold.ttf in Resources */,
				B3F30BC12CA2A772004893F8 /* Roboto-Medium.ttf in Resources */,
				B3F30BDD2CA57C61004893F8 /* Roboto-Light.ttf in Resources */,
				B3F30C2C2CBD4359004893F8 /* Karla-ExtraBold.ttf in Resources */,
			);
			runOnlyForDeploymentPostprocessing = 0;
		};
/* End PBXResourcesBuildPhase section */

/* Begin PBXSourcesBuildPhase section */
		B3F2F74F2C98275900BAB7BD /* Sources */ = {
			isa = PBXSourcesBuildPhase;
			buildActionMask = 2147483647;
			files = (
				B3F30BEB2CAD47E8004893F8 /* AlertsBuilder.swift in Sources */,
				B3F2F7AE2C983EFD00BAB7BD /* LaunchCoordinator.swift in Sources */,
				B3F2F7872C9835C400BAB7BD /* CoordinatorProtocol.swift in Sources */,
				B3F30BE42CA6B58C004893F8 /* CharacterDetailHeaderLabel.swift in Sources */,
				B3F2F7A52C983ABB00BAB7BD /* CharacterDetailAssembly.swift in Sources */,
				B3F30BAC2C9C3CB3004893F8 /* TabBarCoordinator.swift in Sources */,
				B3F30BE82CAC1AEB004893F8 /* UINavigationController+Extension.swift in Sources */,
				B3F2F7572C98275900BAB7BD /* AppDelegate.swift in Sources */,
				B3F30C612CD29B4B004893F8 /* EpisodeModelEntity.xcdatamodeld in Sources */,
				B3F30C122CB8400C004893F8 /* LoadImageService.swift in Sources */,
				B3F2F79C2C983A2A00BAB7BD /* EpisodeViewModel.swift in Sources */,
				B3F30BF22CAFDCF5004893F8 /* CharacterData.swift in Sources */,
				B3F30C582CCFF40B004893F8 /* NotificationCentr + Extension.swift in Sources */,
				B3F30BB52CA1A701004893F8 /* UITableView+Extension.swift in Sources */,
				B3F30BBA2CA1ADD5004893F8 /* String+Extension.swift in Sources */,
				B3F30BCF2CA537E5004893F8 /* UIView+Extension.swift in Sources */,
				B3F30BAF2CA14FA0004893F8 /* Constants.swift in Sources */,
				B3F2F7A72C983AED00BAB7BD /* CharacterDetailViewController.swift in Sources */,
				B3F2F7AC2C983EEF00BAB7BD /* AppCoordinator.swift in Sources */,
				B3F30BEE2CAD4950004893F8 /* ImagePicker.swift in Sources */,
				B3F30C0E2CB69F1C004893F8 /* Episode.swift in Sources */,
				B3F30BD32CA54BE8004893F8 /* UIButton+Extension.swift in Sources */,
				B3F2F78D2C9837CE00BAB7BD /* ModulContainer.swift in Sources */,
				B3F2F79A2C983A1900BAB7BD /* EpisodeViewController.swift in Sources */,
				B3F30BAA2C9C2CBF004893F8 /* BaseTabBarAssembly.swift in Sources */,
				B3F30BB82CA1ACF1004893F8 /* CharacterDetailCell.swift in Sources */,
				B3F30C3B2CC7E020004893F8 /* EpisodeCoreDataService.swift in Sources */,
				B3F2F78B2C98379D00BAB7BD /* Dependencies.swift in Sources */,
				B3F2F79F2C983A8000BAB7BD /* FavouriteAssembly.swift in Sources */,
				B3F2F7B82C9860BE00BAB7BD /* CoordinatorFinishDelegateProtocol.swift in Sources */,
				B3F30BCB2CA43EC0004893F8 /* HeaderView.swift in Sources */,
				B3F2F7A32C983A9F00BAB7BD /* FavouriteViewModel.swift in Sources */,
				B3F2F7A12C983A9100BAB7BD /* FavouriteViewController.swift in Sources */,
				B3F30C3F2CC7E63F004893F8 /* Codable + Extension.swift in Sources */,
				B3F30BC32CA2ACBE004893F8 /* UIFont+Extension.swift in Sources */,
				B3F30C432CC900EA004893F8 /* Section.swift in Sources */,
				B3F2F7B22C983F2600BAB7BD /* FavouriteCoordinator.swift in Sources */,
				B3F30C472CC927CA004893F8 /* BaseCollectionBETA.swift in Sources */,
				B3F30C542CC985CB004893F8 /* FavouriteCollectionView.swift in Sources */,
				B3F30BE62CA6B60A004893F8 /* CharacterDetailHeaderView.swift in Sources */,
				B3F30C372CBD742A004893F8 /* FavouriteModel.swift in Sources */,
				B3F30BF02CAFDB2F004893F8 /* EpisodeData.swift in Sources */,
				B3F30C2F2CBD45E5004893F8 /* BaseCollectionView.swift in Sources */,
				B3F2F7942C9839DA00BAB7BD /* LaunchAssembly.swift in Sources */,
				B3F2F7BF2C99814600BAB7BD /* BaseTabBarController.swift in Sources */,
				B3F30C162CB96B22004893F8 /* Character.swift in Sources */,
				B3F2F7A92C983AFF00BAB7BD /* CharacterDetailViewModel.swift in Sources */,
				B3F30BBC2CA29B63004893F8 /* Theme.swift in Sources */,
				B3F2F7B02C983F1700BAB7BD /* EpisodeCoordinator.swift in Sources */,
				B3F30C5C2CD28779004893F8 /* EpisodeEntity.swift in Sources */,
				B3F30C332CBD45FB004893F8 /* BaseCollectionViewCell.swift in Sources */,
				B3F2F7592C98275900BAB7BD /* SceneDelegate.swift in Sources */,
				B3F30C062CB46D95004893F8 /* NetworkService.swift in Sources */,
				B3F2F7982C983A0500BAB7BD /* EpisodeAssembly.swift in Sources */,
				B3F30C502CC985BA004893F8 /* FavouriteCell.swift in Sources */,
				B3F30C4B2CC98599004893F8 /* EpisodeCollectionView.swift in Sources */,
				B3F30BB32CA1A2E3004893F8 /* EpisodeCell.swift in Sources */,
				B3F30C1A2CBA8696004893F8 /* UserDefaultsRepository.swift in Sources */,
				B3F2F7962C9839EA00BAB7BD /* LaunchViewController.swift in Sources */,
			);
			runOnlyForDeploymentPostprocessing = 0;
		};
		B3F2F7652C98275C00BAB7BD /* Sources */ = {
			isa = PBXSourcesBuildPhase;
			buildActionMask = 2147483647;
			files = (
				B3F30C382CBD742A004893F8 /* FavouriteModel.swift in Sources */,
				B3F30C0F2CB69F1C004893F8 /* Episode.swift in Sources */,
				B3F30BC42CA2ACBE004893F8 /* UIFont+Extension.swift in Sources */,
				B3F30C1B2CBA8696004893F8 /* UserDefaultsRepository.swift in Sources */,
				B3F30C5D2CD28779004893F8 /* EpisodeEntity.swift in Sources */,
				B3F30C3C2CC7E020004893F8 /* EpisodeCoreDataService.swift in Sources */,
				B3F30C172CB96B22004893F8 /* Character.swift in Sources */,
				B3F30C482CC927CA004893F8 /* BaseCollectionBETA.swift in Sources */,
				B3F2F76E2C98275C00BAB7BD /* RickAndMortyTests.swift in Sources */,
				B3F30C622CD29B4B004893F8 /* EpisodeModelEntity.xcdatamodeld in Sources */,
				B3F30C592CCFF40B004893F8 /* NotificationCentr + Extension.swift in Sources */,
				B3F30C402CC7E63F004893F8 /* Codable + Extension.swift in Sources */,
				B3F30C342CBD45FB004893F8 /* BaseCollectionViewCell.swift in Sources */,
				B3F30C132CB8400C004893F8 /* LoadImageService.swift in Sources */,
				B3F30BD02CA537E5004893F8 /* UIView+Extension.swift in Sources */,
				B3F30C072CB46D95004893F8 /* NetworkService.swift in Sources */,
				B3F30BD42CA54BE8004893F8 /* UIButton+Extension.swift in Sources */,
				B3F30C4C2CC98599004893F8 /* EpisodeCollectionView.swift in Sources */,
				B3F30C442CC900EA004893F8 /* Section.swift in Sources */,
				B3F30C552CC985CB004893F8 /* FavouriteCollectionView.swift in Sources */,
				B3F30C302CBD45E5004893F8 /* BaseCollectionView.swift in Sources */,
				B3F30BCC2CA43EC0004893F8 /* HeaderView.swift in Sources */,
				B3F30C512CC985BA004893F8 /* FavouriteCell.swift in Sources */,
			);
			runOnlyForDeploymentPostprocessing = 0;
		};
		B3F2F76F2C98275C00BAB7BD /* Sources */ = {
			isa = PBXSourcesBuildPhase;
			buildActionMask = 2147483647;
			files = (
				B3F30C452CC900EA004893F8 /* Section.swift in Sources */,
				B3F30C562CC985CB004893F8 /* FavouriteCollectionView.swift in Sources */,
				B3F30C182CB96B22004893F8 /* Character.swift in Sources */,
				B3F30C492CC927CA004893F8 /* BaseCollectionBETA.swift in Sources */,
				B3F30C1C2CBA8696004893F8 /* UserDefaultsRepository.swift in Sources */,
				B3F30BCD2CA43EC0004893F8 /* HeaderView.swift in Sources */,
				B3F30C632CD29B4B004893F8 /* EpisodeModelEntity.xcdatamodeld in Sources */,
				B3F30C082CB46D95004893F8 /* NetworkService.swift in Sources */,
				B3F30C3D2CC7E020004893F8 /* EpisodeCoreDataService.swift in Sources */,
				B3F30BC52CA2ACBE004893F8 /* UIFont+Extension.swift in Sources */,
				B3F30C5E2CD28779004893F8 /* EpisodeEntity.swift in Sources */,
				B3F30C4D2CC98599004893F8 /* EpisodeCollectionView.swift in Sources */,
				B3F30C412CC7E63F004893F8 /* Codable + Extension.swift in Sources */,
				B3F30C392CBD742A004893F8 /* FavouriteModel.swift in Sources */,
				B3F30C312CBD45E5004893F8 /* BaseCollectionView.swift in Sources */,
				B3F2F7782C98275C00BAB7BD /* RickAndMortyUITests.swift in Sources */,
				B3F30C142CB8400C004893F8 /* LoadImageService.swift in Sources */,
				B3F30BD12CA537E5004893F8 /* UIView+Extension.swift in Sources */,
				B3F30C522CC985BA004893F8 /* FavouriteCell.swift in Sources */,
				B3F2F77A2C98275C00BAB7BD /* RickAndMortyUITestsLaunchTests.swift in Sources */,
				B3F30C102CB69F1C004893F8 /* Episode.swift in Sources */,
				B3F30C352CBD45FB004893F8 /* BaseCollectionViewCell.swift in Sources */,
				B3F30BD52CA54BE8004893F8 /* UIButton+Extension.swift in Sources */,
				B3F30C5A2CCFF40B004893F8 /* NotificationCentr + Extension.swift in Sources */,
			);
			runOnlyForDeploymentPostprocessing = 0;
		};
/* End PBXSourcesBuildPhase section */

/* Begin PBXTargetDependency section */
		B3F2F76B2C98275C00BAB7BD /* PBXTargetDependency */ = {
			isa = PBXTargetDependency;
			target = B3F2F7522C98275900BAB7BD /* RickAndMorty */;
			targetProxy = B3F2F76A2C98275C00BAB7BD /* PBXContainerItemProxy */;
		};
		B3F2F7752C98275C00BAB7BD /* PBXTargetDependency */ = {
			isa = PBXTargetDependency;
			target = B3F2F7522C98275900BAB7BD /* RickAndMorty */;
			targetProxy = B3F2F7742C98275C00BAB7BD /* PBXContainerItemProxy */;
		};
/* End PBXTargetDependency section */

/* Begin PBXVariantGroup section */
		B3F2F7612C98275C00BAB7BD /* LaunchScreen.storyboard */ = {
			isa = PBXVariantGroup;
			children = (
				B3F2F7622C98275C00BAB7BD /* Base */,
			);
			name = LaunchScreen.storyboard;
			sourceTree = "<group>";
		};
/* End PBXVariantGroup section */

/* Begin XCBuildConfiguration section */
		B3F2F77B2C98275C00BAB7BD /* Debug */ = {
			isa = XCBuildConfiguration;
			buildSettings = {
				ALWAYS_SEARCH_USER_PATHS = NO;
				ASSETCATALOG_COMPILER_GENERATE_SWIFT_ASSET_SYMBOL_EXTENSIONS = YES;
				CLANG_ANALYZER_NONNULL = YES;
				CLANG_ANALYZER_NUMBER_OBJECT_CONVERSION = YES_AGGRESSIVE;
				CLANG_CXX_LANGUAGE_STANDARD = "gnu++20";
				CLANG_ENABLE_MODULES = YES;
				CLANG_ENABLE_OBJC_ARC = YES;
				CLANG_ENABLE_OBJC_WEAK = YES;
				CLANG_WARN_BLOCK_CAPTURE_AUTORELEASING = YES;
				CLANG_WARN_BOOL_CONVERSION = YES;
				CLANG_WARN_COMMA = YES;
				CLANG_WARN_CONSTANT_CONVERSION = YES;
				CLANG_WARN_DEPRECATED_OBJC_IMPLEMENTATIONS = YES;
				CLANG_WARN_DIRECT_OBJC_ISA_USAGE = YES_ERROR;
				CLANG_WARN_DOCUMENTATION_COMMENTS = YES;
				CLANG_WARN_EMPTY_BODY = YES;
				CLANG_WARN_ENUM_CONVERSION = YES;
				CLANG_WARN_INFINITE_RECURSION = YES;
				CLANG_WARN_INT_CONVERSION = YES;
				CLANG_WARN_NON_LITERAL_NULL_CONVERSION = YES;
				CLANG_WARN_OBJC_IMPLICIT_RETAIN_SELF = YES;
				CLANG_WARN_OBJC_LITERAL_CONVERSION = YES;
				CLANG_WARN_OBJC_ROOT_CLASS = YES_ERROR;
				CLANG_WARN_QUOTED_INCLUDE_IN_FRAMEWORK_HEADER = YES;
				CLANG_WARN_RANGE_LOOP_ANALYSIS = YES;
				CLANG_WARN_STRICT_PROTOTYPES = YES;
				CLANG_WARN_SUSPICIOUS_MOVE = YES;
				CLANG_WARN_UNGUARDED_AVAILABILITY = YES_AGGRESSIVE;
				CLANG_WARN_UNREACHABLE_CODE = YES;
				CLANG_WARN__DUPLICATE_METHOD_MATCH = YES;
				COPY_PHASE_STRIP = NO;
				DEBUG_INFORMATION_FORMAT = dwarf;
				ENABLE_STRICT_OBJC_MSGSEND = YES;
				ENABLE_TESTABILITY = YES;
				ENABLE_USER_SCRIPT_SANDBOXING = YES;
				GCC_C_LANGUAGE_STANDARD = gnu17;
				GCC_DYNAMIC_NO_PIC = NO;
				GCC_NO_COMMON_BLOCKS = YES;
				GCC_OPTIMIZATION_LEVEL = 0;
				GCC_PREPROCESSOR_DEFINITIONS = (
					"DEBUG=1",
					"$(inherited)",
				);
				GCC_WARN_64_TO_32_BIT_CONVERSION = YES;
				GCC_WARN_ABOUT_RETURN_TYPE = YES_ERROR;
				GCC_WARN_UNDECLARED_SELECTOR = YES;
				GCC_WARN_UNINITIALIZED_AUTOS = YES_AGGRESSIVE;
				GCC_WARN_UNUSED_FUNCTION = YES;
				GCC_WARN_UNUSED_VARIABLE = YES;
				IPHONEOS_DEPLOYMENT_TARGET = 17.5;
				LOCALIZATION_PREFERS_STRING_CATALOGS = YES;
				MTL_ENABLE_DEBUG_INFO = INCLUDE_SOURCE;
				MTL_FAST_MATH = YES;
				ONLY_ACTIVE_ARCH = YES;
				SDKROOT = iphoneos;
				SWIFT_ACTIVE_COMPILATION_CONDITIONS = "DEBUG $(inherited)";
				SWIFT_OPTIMIZATION_LEVEL = "-Onone";
			};
			name = Debug;
		};
		B3F2F77C2C98275C00BAB7BD /* Release */ = {
			isa = XCBuildConfiguration;
			buildSettings = {
				ALWAYS_SEARCH_USER_PATHS = NO;
				ASSETCATALOG_COMPILER_GENERATE_SWIFT_ASSET_SYMBOL_EXTENSIONS = YES;
				CLANG_ANALYZER_NONNULL = YES;
				CLANG_ANALYZER_NUMBER_OBJECT_CONVERSION = YES_AGGRESSIVE;
				CLANG_CXX_LANGUAGE_STANDARD = "gnu++20";
				CLANG_ENABLE_MODULES = YES;
				CLANG_ENABLE_OBJC_ARC = YES;
				CLANG_ENABLE_OBJC_WEAK = YES;
				CLANG_WARN_BLOCK_CAPTURE_AUTORELEASING = YES;
				CLANG_WARN_BOOL_CONVERSION = YES;
				CLANG_WARN_COMMA = YES;
				CLANG_WARN_CONSTANT_CONVERSION = YES;
				CLANG_WARN_DEPRECATED_OBJC_IMPLEMENTATIONS = YES;
				CLANG_WARN_DIRECT_OBJC_ISA_USAGE = YES_ERROR;
				CLANG_WARN_DOCUMENTATION_COMMENTS = YES;
				CLANG_WARN_EMPTY_BODY = YES;
				CLANG_WARN_ENUM_CONVERSION = YES;
				CLANG_WARN_INFINITE_RECURSION = YES;
				CLANG_WARN_INT_CONVERSION = YES;
				CLANG_WARN_NON_LITERAL_NULL_CONVERSION = YES;
				CLANG_WARN_OBJC_IMPLICIT_RETAIN_SELF = YES;
				CLANG_WARN_OBJC_LITERAL_CONVERSION = YES;
				CLANG_WARN_OBJC_ROOT_CLASS = YES_ERROR;
				CLANG_WARN_QUOTED_INCLUDE_IN_FRAMEWORK_HEADER = YES;
				CLANG_WARN_RANGE_LOOP_ANALYSIS = YES;
				CLANG_WARN_STRICT_PROTOTYPES = YES;
				CLANG_WARN_SUSPICIOUS_MOVE = YES;
				CLANG_WARN_UNGUARDED_AVAILABILITY = YES_AGGRESSIVE;
				CLANG_WARN_UNREACHABLE_CODE = YES;
				CLANG_WARN__DUPLICATE_METHOD_MATCH = YES;
				COPY_PHASE_STRIP = NO;
				DEBUG_INFORMATION_FORMAT = "dwarf-with-dsym";
				ENABLE_NS_ASSERTIONS = NO;
				ENABLE_STRICT_OBJC_MSGSEND = YES;
				ENABLE_USER_SCRIPT_SANDBOXING = YES;
				GCC_C_LANGUAGE_STANDARD = gnu17;
				GCC_NO_COMMON_BLOCKS = YES;
				GCC_WARN_64_TO_32_BIT_CONVERSION = YES;
				GCC_WARN_ABOUT_RETURN_TYPE = YES_ERROR;
				GCC_WARN_UNDECLARED_SELECTOR = YES;
				GCC_WARN_UNINITIALIZED_AUTOS = YES_AGGRESSIVE;
				GCC_WARN_UNUSED_FUNCTION = YES;
				GCC_WARN_UNUSED_VARIABLE = YES;
				IPHONEOS_DEPLOYMENT_TARGET = 17.5;
				LOCALIZATION_PREFERS_STRING_CATALOGS = YES;
				MTL_ENABLE_DEBUG_INFO = NO;
				MTL_FAST_MATH = YES;
				SDKROOT = iphoneos;
				SWIFT_COMPILATION_MODE = wholemodule;
				VALIDATE_PRODUCT = YES;
			};
			name = Release;
		};
		B3F2F77E2C98275C00BAB7BD /* Debug */ = {
			isa = XCBuildConfiguration;
			buildSettings = {
				ASSETCATALOG_COMPILER_APPICON_NAME = AppIcon;
				ASSETCATALOG_COMPILER_GLOBAL_ACCENT_COLOR_NAME = AccentColor;
				CODE_SIGN_STYLE = Automatic;
				CURRENT_PROJECT_VERSION = 1;
				DEVELOPMENT_TEAM = 3V8RBZ7KL8;
				GENERATE_INFOPLIST_FILE = YES;
				INFOPLIST_FILE = "RickAndMorty/Supporting files/App files/Info.plist";
				INFOPLIST_KEY_UIApplicationSupportsIndirectInputEvents = YES;
				INFOPLIST_KEY_UILaunchStoryboardName = LaunchScreen;
				INFOPLIST_KEY_UISupportedInterfaceOrientations = UIInterfaceOrientationPortrait;
				INFOPLIST_KEY_UISupportedInterfaceOrientations_iPad = "UIInterfaceOrientationLandscapeLeft UIInterfaceOrientationLandscapeRight UIInterfaceOrientationPortrait UIInterfaceOrientationPortraitUpsideDown";
				IPHONEOS_DEPLOYMENT_TARGET = 14.0;
				LD_RUNPATH_SEARCH_PATHS = (
					"$(inherited)",
					"@executable_path/Frameworks",
				);
				MARKETING_VERSION = 1.0;
				PRODUCT_BUNDLE_IDENTIFIER = "eighto-rx.RickAndMorty";
				PRODUCT_NAME = "$(TARGET_NAME)";
				SUPPORTED_PLATFORMS = "iphoneos iphonesimulator";
				SUPPORTS_MACCATALYST = NO;
				SUPPORTS_MAC_DESIGNED_FOR_IPHONE_IPAD = NO;
				SUPPORTS_XR_DESIGNED_FOR_IPHONE_IPAD = NO;
				SWIFT_EMIT_LOC_STRINGS = YES;
				SWIFT_VERSION = 5.0;
				TARGETED_DEVICE_FAMILY = 1;
			};
			name = Debug;
		};
		B3F2F77F2C98275C00BAB7BD /* Release */ = {
			isa = XCBuildConfiguration;
			buildSettings = {
				ASSETCATALOG_COMPILER_APPICON_NAME = AppIcon;
				ASSETCATALOG_COMPILER_GLOBAL_ACCENT_COLOR_NAME = AccentColor;
				CODE_SIGN_STYLE = Automatic;
				CURRENT_PROJECT_VERSION = 1;
				DEVELOPMENT_TEAM = 3V8RBZ7KL8;
				GENERATE_INFOPLIST_FILE = YES;
				INFOPLIST_FILE = "RickAndMorty/Supporting files/App files/Info.plist";
				INFOPLIST_KEY_UIApplicationSupportsIndirectInputEvents = YES;
				INFOPLIST_KEY_UILaunchStoryboardName = LaunchScreen;
				INFOPLIST_KEY_UISupportedInterfaceOrientations = UIInterfaceOrientationPortrait;
				INFOPLIST_KEY_UISupportedInterfaceOrientations_iPad = "UIInterfaceOrientationLandscapeLeft UIInterfaceOrientationLandscapeRight UIInterfaceOrientationPortrait UIInterfaceOrientationPortraitUpsideDown";
				IPHONEOS_DEPLOYMENT_TARGET = 14.0;
				LD_RUNPATH_SEARCH_PATHS = (
					"$(inherited)",
					"@executable_path/Frameworks",
				);
				MARKETING_VERSION = 1.0;
				PRODUCT_BUNDLE_IDENTIFIER = "eighto-rx.RickAndMorty";
				PRODUCT_NAME = "$(TARGET_NAME)";
				SUPPORTED_PLATFORMS = "iphoneos iphonesimulator";
				SUPPORTS_MACCATALYST = NO;
				SUPPORTS_MAC_DESIGNED_FOR_IPHONE_IPAD = NO;
				SUPPORTS_XR_DESIGNED_FOR_IPHONE_IPAD = NO;
				SWIFT_EMIT_LOC_STRINGS = YES;
				SWIFT_VERSION = 5.0;
				TARGETED_DEVICE_FAMILY = 1;
			};
			name = Release;
		};
		B3F2F7812C98275C00BAB7BD /* Debug */ = {
			isa = XCBuildConfiguration;
			buildSettings = {
				ALWAYS_EMBED_SWIFT_STANDARD_LIBRARIES = YES;
				BUNDLE_LOADER = "$(TEST_HOST)";
				CODE_SIGN_STYLE = Automatic;
				CURRENT_PROJECT_VERSION = 1;
				GENERATE_INFOPLIST_FILE = YES;
				IPHONEOS_DEPLOYMENT_TARGET = 17.5;
				MARKETING_VERSION = 1.0;
				PRODUCT_BUNDLE_IDENTIFIER = "eighto-rx.RickAndMortyTests";
				PRODUCT_NAME = "$(TARGET_NAME)";
				SWIFT_EMIT_LOC_STRINGS = NO;
				SWIFT_VERSION = 5.0;
				TARGETED_DEVICE_FAMILY = "1,2";
				TEST_HOST = "$(BUILT_PRODUCTS_DIR)/RickAndMorty.app/$(BUNDLE_EXECUTABLE_FOLDER_PATH)/RickAndMorty";
			};
			name = Debug;
		};
		B3F2F7822C98275C00BAB7BD /* Release */ = {
			isa = XCBuildConfiguration;
			buildSettings = {
				ALWAYS_EMBED_SWIFT_STANDARD_LIBRARIES = YES;
				BUNDLE_LOADER = "$(TEST_HOST)";
				CODE_SIGN_STYLE = Automatic;
				CURRENT_PROJECT_VERSION = 1;
				GENERATE_INFOPLIST_FILE = YES;
				IPHONEOS_DEPLOYMENT_TARGET = 17.5;
				MARKETING_VERSION = 1.0;
				PRODUCT_BUNDLE_IDENTIFIER = "eighto-rx.RickAndMortyTests";
				PRODUCT_NAME = "$(TARGET_NAME)";
				SWIFT_EMIT_LOC_STRINGS = NO;
				SWIFT_VERSION = 5.0;
				TARGETED_DEVICE_FAMILY = "1,2";
				TEST_HOST = "$(BUILT_PRODUCTS_DIR)/RickAndMorty.app/$(BUNDLE_EXECUTABLE_FOLDER_PATH)/RickAndMorty";
			};
			name = Release;
		};
		B3F2F7842C98275C00BAB7BD /* Debug */ = {
			isa = XCBuildConfiguration;
			buildSettings = {
				ALWAYS_EMBED_SWIFT_STANDARD_LIBRARIES = YES;
				CODE_SIGN_STYLE = Automatic;
				CURRENT_PROJECT_VERSION = 1;
				GENERATE_INFOPLIST_FILE = YES;
				MARKETING_VERSION = 1.0;
				PRODUCT_BUNDLE_IDENTIFIER = "eighto-rx.RickAndMortyUITests";
				PRODUCT_NAME = "$(TARGET_NAME)";
				SWIFT_EMIT_LOC_STRINGS = NO;
				SWIFT_VERSION = 5.0;
				TARGETED_DEVICE_FAMILY = "1,2";
				TEST_TARGET_NAME = RickAndMorty;
			};
			name = Debug;
		};
		B3F2F7852C98275C00BAB7BD /* Release */ = {
			isa = XCBuildConfiguration;
			buildSettings = {
				ALWAYS_EMBED_SWIFT_STANDARD_LIBRARIES = YES;
				CODE_SIGN_STYLE = Automatic;
				CURRENT_PROJECT_VERSION = 1;
				GENERATE_INFOPLIST_FILE = YES;
				MARKETING_VERSION = 1.0;
				PRODUCT_BUNDLE_IDENTIFIER = "eighto-rx.RickAndMortyUITests";
				PRODUCT_NAME = "$(TARGET_NAME)";
				SWIFT_EMIT_LOC_STRINGS = NO;
				SWIFT_VERSION = 5.0;
				TARGETED_DEVICE_FAMILY = "1,2";
				TEST_TARGET_NAME = RickAndMorty;
			};
			name = Release;
		};
/* End XCBuildConfiguration section */

/* Begin XCConfigurationList section */
		B3F2F74E2C98275900BAB7BD /* Build configuration list for PBXProject "RickAndMorty" */ = {
			isa = XCConfigurationList;
			buildConfigurations = (
				B3F2F77B2C98275C00BAB7BD /* Debug */,
				B3F2F77C2C98275C00BAB7BD /* Release */,
			);
			defaultConfigurationIsVisible = 0;
			defaultConfigurationName = Release;
		};
		B3F2F77D2C98275C00BAB7BD /* Build configuration list for PBXNativeTarget "RickAndMorty" */ = {
			isa = XCConfigurationList;
			buildConfigurations = (
				B3F2F77E2C98275C00BAB7BD /* Debug */,
				B3F2F77F2C98275C00BAB7BD /* Release */,
			);
			defaultConfigurationIsVisible = 0;
			defaultConfigurationName = Release;
		};
		B3F2F7802C98275C00BAB7BD /* Build configuration list for PBXNativeTarget "RickAndMortyTests" */ = {
			isa = XCConfigurationList;
			buildConfigurations = (
				B3F2F7812C98275C00BAB7BD /* Debug */,
				B3F2F7822C98275C00BAB7BD /* Release */,
			);
			defaultConfigurationIsVisible = 0;
			defaultConfigurationName = Release;
		};
		B3F2F7832C98275C00BAB7BD /* Build configuration list for PBXNativeTarget "RickAndMortyUITests" */ = {
			isa = XCConfigurationList;
			buildConfigurations = (
				B3F2F7842C98275C00BAB7BD /* Debug */,
				B3F2F7852C98275C00BAB7BD /* Release */,
			);
			defaultConfigurationIsVisible = 0;
			defaultConfigurationName = Release;
		};
/* End XCConfigurationList section */

/* Begin XCVersionGroup section */
		B3F30C5F2CD29B4A004893F8 /* EpisodeModelEntity.xcdatamodeld */ = {
			isa = XCVersionGroup;
			children = (
				B3F30C602CD29B4B004893F8 /* EpisodeModelEntity.xcdatamodel */,
			);
			currentVersion = B3F30C602CD29B4B004893F8 /* EpisodeModelEntity.xcdatamodel */;
			name = EpisodeModelEntity.xcdatamodeld;
			path = /Users/eighto/Documents/RickAndMorty/RickAndMorty/Model/EpisodeModelEntity.xcdatamodeld;
			sourceTree = "<group>";
			versionGroupType = wrapper.xcdatamodel;
		};
/* End XCVersionGroup section */
	};
	rootObject = B3F2F74B2C98275900BAB7BD /* Project object */;
}
